{
  "nodes": {
    "flake-parts": {
      "inputs": {
        "nixpkgs-lib": [
          "neovim-nightly-overlay",
          "nixpkgs"
        ]
      },
      "locked": {
        "lastModified": 1772408722,
        "narHash": "sha256-rHuJtdcOjK7rAHpHphUb1iCvgkU3GpfvicLMwwnfMT0=",
        "owner": "hercules-ci",
        "repo": "flake-parts",
        "rev": "f20dc5d9b8027381c474144ecabc9034d6a839a3",
        "type": "github"
      },
      "original": {
        "owner": "hercules-ci",
        "repo": "flake-parts",
        "type": "github"
      }
    },
    "home-manager": {
      "inputs": {
        "nixpkgs": [
          "nixpkgs"
        ]
      },
      "locked": {
        "lastModified": 1775143651,
        "narHash": "sha256-S0RqAyDPMTcv9vASMaE8eY1QexFysAOdnxUxFHIPOyE=",
        "owner": "nix-community",
        "repo": "home-manager",
        "rev": "d166a078541982a76f14d3e06e9665fa5c9ed85e",
        "type": "github"
      },
      "original": {
        "owner": "nix-community",
        "repo": "home-manager",
        "type": "github"
      }
    },
    "mcmojave-src": {
      "flake": false,
      "locked": {
        "lastModified": 1614124859,
        "narHash": "sha256-4YqSucpxA7jsuJ9aADjJfKRPgPR89oq2l0T1N28+GV0=",
        "owner": "vinceliuice",
        "repo": "McMojave-cursors",
        "rev": "7d0bfc1f91028191cdc220b87fd335a235ee4439",
        "type": "github"
      },
      "original": {
        "owner": "vinceliuice",
        "repo": "McMojave-cursors",
        "type": "github"
      }
    },
    "neovim-nightly-overlay": {
      "inputs": {
        "flake-parts": "flake-parts",
        "neovim-src": "neovim-src",
        "nixpkgs": "nixpkgs"
      },
      "locked": {
        "lastModified": 1775138742,
        "narHash": "sha256-cyipL9p0VzyZT0wa+3KkeJYvtEYzyI1PjBOnGU8z3gI=",
        "owner": "nix-community",
        "repo": "neovim-nightly-overlay",
        "rev": "0fff256cfbc6978e711c43555df210d46940e943",
        "type": "github"
      },
      "original": {
        "owner": "nix-community",
        "repo": "neovim-nightly-overlay",
        "type": "github"
      }
    },
    "neovim-src": {
      "flake": false,
      "locked": {
        "lastModified": 1774915197,
        "narHash": "sha256-yor+eo8CVi7wBp7CjAMQnVoK+m197gsl7MvUzaqicns=",
        "owner": "neovim",
        "repo": "neovim",
        "rev": "dbc4800dda2b0dc3290dc79955f857256e0694e2",
        "type": "github"
      },
      "original": {
        "owner": "neovim",
        "repo": "neovim",
        "type": "github"
      }
    },
    "nixpkgs": {
      "locked": {
        "lastModified": 1774701658,
        "narHash": "sha256-CIS/4AMUSwUyC8X5g+5JsMRvIUL3YUfewe8K4VrbsSQ=",
        "owner": "NixOS",
        "repo": "nixpkgs",
        "rev": "b63fe7f000adcfa269967eeff72c64cafecbbebe",
        "type": "github"
      },
      "original": {
        "owner": "NixOS",
        "ref": "nixpkgs-unstable",
        "repo": "nixpkgs",
        "type": "github"
      }
    },
    "nixpkgs_2": {
      "locked": {
        "lastModified": 1775095191,
        "narHash": "sha256-CsqRiYbgQyv01LS0NlC7shwzhDhjNDQSrhBX8VuD3nM=",
        "owner": "nixos",
        "repo": "nixpkgs",
        "rev": "106eb93cbb9d4e4726bf6bc367a3114f7ed6b32f",
        "type": "github"
      },
      "original": {
        "owner": "nixos",
        "ref": "nixpkgs-unstable",
        "repo": "nixpkgs",
        "type": "github"
      }
    },
    "root": {
      "inputs": {
        "home-manager": "home-manager",
        "mcmojave-src": "mcmojave-src",
        "neovim-nightly-overlay": "neovim-nightly-overlay",
        "nixpkgs": "nixpkgs_2"
      }
    }
  },
  "root": "root",
  "version": 7
}
